
Microsoft Visual Studio Solution File, Format Version 12.00
# Visual Studio Version 17
VisualStudioVersion = 17.8.34309.116
MinimumVisualStudioVersion = 10.0.40219.1
Project("{FAE04EC0-301F-11D3-BF4B-00C04F79EFBC}") = "JohnBytesToDatabase", "JohnBytesToDatabase\JohnBytesToDatabase.csproj", "{9FDA328E-B5B8-4FEB-99C2-436DFE116727}"
EndProject
Global
	GlobalSection(SolutionConfigurationPlatforms) = preSolution
		Debug|Any CPU = Debug|Any CPU
		Release|Any CPU = Release|Any CPU
	EndGlobalSection
	GlobalSection(ProjectConfigurationPlatforms) = postSolution
		{9FDA328E-B5B8-4FEB-99C2-436DFE116727}.Debug|Any CPU.ActiveCfg = Debug|Any CPU
		{9FDA328E-B5B8-4FEB-99C2-436DFE116727}.Debug|Any CPU.Build.0 = Debug|Any CPU
		{9FDA328E-B5B8-4FEB-99C2-436DFE116727}.Release|Any CPU.ActiveCfg = Release|Any CPU
		{9FDA328E-B5B8-4FEB-99C2-436DFE116727}.Release|Any CPU.Build.0 = Release|Any CPU
	EndGlobalSection
	GlobalSection(SolutionProperties) = preSolution
		HideSolutionNode = FALSE
	EndGlobalSection
	GlobalSection(ExtensibilityGlobals) = postSolution
		SolutionGuid = {FC47B557-6692-4794-BA2A-CB15CCB562A9}
	EndGlobalSection
EndGlobal
